
Microsoft Visual Studio Solution File, Format Version 12.00
# Visual Studio Version 17
VisualStudioVersion = 17.0.31919.166
MinimumVisualStudioVersion = 10.0.40219.1
Project("{2150E333-8FDC-42A3-9474-1A3956D46DE8}") = "src", "src", "{F7C3A7C5-50BF-48EA-AFD9-D2373A9A72E8}"
EndProject
Project("{9A19103F-16F7-4668-BE54-9A1E7A4F7556}") = "Shop.Data", "src\shop.data\Shop.Data.csproj", "{BAE4AD7F-4469-425A-A5B6-504F801FD7A5}"
EndProject
Project("{9A19103F-16F7-4668-BE54-9A1E7A4F7556}") = "Shop.Domain", "src\shop.domain\Shop.Domain.csproj", "{8B254D6E-CA63-452F-80A3-7324736DFDAE}"
EndProject
Project("{2150E333-8FDC-42A3-9474-1A3956D46DE8}") = "test", "test", "{7A11E1CE-94CD-404C-8125-3EE8A29392BE}"
EndProject
Project("{9A19103F-16F7-4668-BE54-9A1E7A4F7556}") = "DbTest", "test\dbtest\DbTest.csproj", "{E50EA9FF-941A-496F-97A7-D322105065BC}"
EndProject
Project("{9A19103F-16F7-4668-BE54-9A1E7A4F7556}") = "Shop.ApplicationCore", "src\shop.applicationcore\Shop.ApplicationCore.csproj", "{BAF15281-F7CB-4D4E-AB78-51D90E1D9B89}"
EndProject
Project("{2150E333-8FDC-42A3-9474-1A3956D46DE8}") = "solution", "solution", "{F48BD947-28E9-4D4C-8694-6A84CD83CDA7}"
	ProjectSection(SolutionItems) = preProject
		global.json = global.json
	EndProjectSection
EndProject
Project("{9A19103F-16F7-4668-BE54-9A1E7A4F7556}") = "Fu.Common.Data", "src\Fu.Common.Data\Fu.Common.Data.csproj", "{486655AD-1E58-4FEF-B10F-6AB322942912}"
EndProject
Project("{2150E333-8FDC-42A3-9474-1A3956D46DE8}") = "Common", "Common", "{D59B1BE2-A4BC-49C5-952C-B00E3A4D5D60}"
EndProject
Project("{2150E333-8FDC-42A3-9474-1A3956D46DE8}") = "InDepth", "InDepth", "{FD13841A-EDD9-469A-AFC0-A13F75C2D3E1}"
EndProject
Project("{9A19103F-16F7-4668-BE54-9A1E7A4F7556}") = "EfSample1", "InDepth\EfSample1\EfSample1.csproj", "{25CBF547-BF0A-4C49-95C9-4B739D8B9B2E}"
EndProject
Project("{FAE04EC0-301F-11D3-BF4B-00C04F79EFBC}") = "Net5Features", "src\Net5\Net5Features\Net5Features.csproj", "{138DDDD1-1166-4A1B-90D1-6AB6D1811832}"
EndProject
Project("{FAE04EC0-301F-11D3-BF4B-00C04F79EFBC}") = "Net5FeaturesTest", "test\Net5\Net5FeaturesTest\Net5FeaturesTest.csproj", "{9A1119C8-C4F1-4FC6-9312-D101AE35854A}"
EndProject
Global
	GlobalSection(SolutionConfigurationPlatforms) = preSolution
		Debug|Any CPU = Debug|Any CPU
		Release|Any CPU = Release|Any CPU
	EndGlobalSection
	GlobalSection(ProjectConfigurationPlatforms) = postSolution
		{BAE4AD7F-4469-425A-A5B6-504F801FD7A5}.Debug|Any CPU.ActiveCfg = Debug|Any CPU
		{BAE4AD7F-4469-425A-A5B6-504F801FD7A5}.Debug|Any CPU.Build.0 = Debug|Any CPU
		{BAE4AD7F-4469-425A-A5B6-504F801FD7A5}.Release|Any CPU.ActiveCfg = Release|Any CPU
		{BAE4AD7F-4469-425A-A5B6-504F801FD7A5}.Release|Any CPU.Build.0 = Release|Any CPU
		{8B254D6E-CA63-452F-80A3-7324736DFDAE}.Debug|Any CPU.ActiveCfg = Debug|Any CPU
		{8B254D6E-CA63-452F-80A3-7324736DFDAE}.Debug|Any CPU.Build.0 = Debug|Any CPU
		{8B254D6E-CA63-452F-80A3-7324736DFDAE}.Release|Any CPU.ActiveCfg = Release|Any CPU
		{8B254D6E-CA63-452F-80A3-7324736DFDAE}.Release|Any CPU.Build.0 = Release|Any CPU
		{E50EA9FF-941A-496F-97A7-D322105065BC}.Debug|Any CPU.ActiveCfg = Debug|Any CPU
		{E50EA9FF-941A-496F-97A7-D322105065BC}.Debug|Any CPU.Build.0 = Debug|Any CPU
		{E50EA9FF-941A-496F-97A7-D322105065BC}.Release|Any CPU.ActiveCfg = Release|Any CPU
		{E50EA9FF-941A-496F-97A7-D322105065BC}.Release|Any CPU.Build.0 = Release|Any CPU
		{BAF15281-F7CB-4D4E-AB78-51D90E1D9B89}.Debug|Any CPU.ActiveCfg = Debug|Any CPU
		{BAF15281-F7CB-4D4E-AB78-51D90E1D9B89}.Debug|Any CPU.Build.0 = Debug|Any CPU
		{BAF15281-F7CB-4D4E-AB78-51D90E1D9B89}.Release|Any CPU.ActiveCfg = Release|Any CPU
		{BAF15281-F7CB-4D4E-AB78-51D90E1D9B89}.Release|Any CPU.Build.0 = Release|Any CPU
		{486655AD-1E58-4FEF-B10F-6AB322942912}.Debug|Any CPU.ActiveCfg = Debug|Any CPU
		{486655AD-1E58-4FEF-B10F-6AB322942912}.Debug|Any CPU.Build.0 = Debug|Any CPU
		{486655AD-1E58-4FEF-B10F-6AB322942912}.Release|Any CPU.ActiveCfg = Release|Any CPU
		{486655AD-1E58-4FEF-B10F-6AB322942912}.Release|Any CPU.Build.0 = Release|Any CPU
		{25CBF547-BF0A-4C49-95C9-4B739D8B9B2E}.Debug|Any CPU.ActiveCfg = Debug|Any CPU
		{25CBF547-BF0A-4C49-95C9-4B739D8B9B2E}.Debug|Any CPU.Build.0 = Debug|Any CPU
		{25CBF547-BF0A-4C49-95C9-4B739D8B9B2E}.Release|Any CPU.ActiveCfg = Release|Any CPU
		{25CBF547-BF0A-4C49-95C9-4B739D8B9B2E}.Release|Any CPU.Build.0 = Release|Any CPU
		{138DDDD1-1166-4A1B-90D1-6AB6D1811832}.Debug|Any CPU.ActiveCfg = Debug|Any CPU
		{138DDDD1-1166-4A1B-90D1-6AB6D1811832}.Debug|Any CPU.Build.0 = Debug|Any CPU
		{138DDDD1-1166-4A1B-90D1-6AB6D1811832}.Release|Any CPU.ActiveCfg = Release|Any CPU
		{138DDDD1-1166-4A1B-90D1-6AB6D1811832}.Release|Any CPU.Build.0 = Release|Any CPU
		{9A1119C8-C4F1-4FC6-9312-D101AE35854A}.Debug|Any CPU.ActiveCfg = Debug|Any CPU
		{9A1119C8-C4F1-4FC6-9312-D101AE35854A}.Debug|Any CPU.Build.0 = Debug|Any CPU
		{9A1119C8-C4F1-4FC6-9312-D101AE35854A}.Release|Any CPU.ActiveCfg = Release|Any CPU
		{9A1119C8-C4F1-4FC6-9312-D101AE35854A}.Release|Any CPU.Build.0 = Release|Any CPU
	EndGlobalSection
	GlobalSection(SolutionProperties) = preSolution
		HideSolutionNode = FALSE
	EndGlobalSection
	GlobalSection(NestedProjects) = preSolution
		{BAE4AD7F-4469-425A-A5B6-504F801FD7A5} = {F7C3A7C5-50BF-48EA-AFD9-D2373A9A72E8}
		{8B254D6E-CA63-452F-80A3-7324736DFDAE} = {F7C3A7C5-50BF-48EA-AFD9-D2373A9A72E8}
		{E50EA9FF-941A-496F-97A7-D322105065BC} = {7A11E1CE-94CD-404C-8125-3EE8A29392BE}
		{BAF15281-F7CB-4D4E-AB78-51D90E1D9B89} = {F7C3A7C5-50BF-48EA-AFD9-D2373A9A72E8}
		{486655AD-1E58-4FEF-B10F-6AB322942912} = {D59B1BE2-A4BC-49C5-952C-B00E3A4D5D60}
		{D59B1BE2-A4BC-49C5-952C-B00E3A4D5D60} = {F7C3A7C5-50BF-48EA-AFD9-D2373A9A72E8}
		{25CBF547-BF0A-4C49-95C9-4B739D8B9B2E} = {FD13841A-EDD9-469A-AFC0-A13F75C2D3E1}
		{138DDDD1-1166-4A1B-90D1-6AB6D1811832} = {FD13841A-EDD9-469A-AFC0-A13F75C2D3E1}
		{9A1119C8-C4F1-4FC6-9312-D101AE35854A} = {7A11E1CE-94CD-404C-8125-3EE8A29392BE}
	EndGlobalSection
	GlobalSection(ExtensibilityGlobals) = postSolution
		SolutionGuid = {8BB0EA2A-6BF2-4B4F-BF7F-B35F8B021491}
	EndGlobalSection
EndGlobal
